// !$*UTF8*$!
{
	archiveVersion = 1;
	classes = {
	};
	objectVersion = 77;
	objects = {

/* Begin PBXBuildFile section */
		634BAC352DCC5A840012429D /* self_ios_sdk in Frameworks */ = {isa = PBXBuildFile; productRef = 634BAC342DCC5A840012429D /* self_ios_sdk */; };
		634BAC382DCC5BD10012429D /* OpenSSL in Frameworks */ = {isa = PBXBuildFile; productRef = 634BAC372DCC5BD10012429D /* OpenSSL */; };
		634BAC4B2DCC62380012429D /* SelfUI.framework in Frameworks */ = {isa = PBXBuildFile; fileRef = 634BAC432DCC61B80012429D /* SelfUI.framework */; };
		634BAC4C2DCC62380012429D /* SelfUI.framework in Embed Frameworks */ = {isa = PBXBuildFile; fileRef = 634BAC432DCC61B80012429D /* SelfUI.framework */; settings = {ATTRIBUTES = (CodeSignOnCopy, RemoveHeadersOnCopy, ); }; };
/* End PBXBuildFile section */

/* Begin PBXContainerItemProxy section */
		634BAC422DCC61B80012429D /* PBXContainerItemProxy */ = {
			isa = PBXContainerItemProxy;
			containerPortal = 634BAC392DCC61B80012429D /* SelfUI.xcodeproj */;
			proxyType = 2;
			remoteGlobalIDString = 63C451642BF30EAE00AD5BC5;
			remoteInfo = SelfUI;
		};
		634BAC4E2DCC62440012429D /* PBXContainerItemProxy */ = {
			isa = PBXContainerItemProxy;
			containerPortal = 634BAC392DCC61B80012429D /* SelfUI.xcodeproj */;
			proxyType = 1;
			remoteGlobalIDString = 63C451632BF30EAE00AD5BC5;
			remoteInfo = SelfUI;
		};
/* End PBXContainerItemProxy section */

/* Begin PBXCopyFilesBuildPhase section */
		634BAC4D2DCC62380012429D /* Embed Frameworks */ = {
			isa = PBXCopyFilesBuildPhase;
			buildActionMask = 2147483647;
			dstPath = "";
			dstSubfolderSpec = 10;
			files = (
				634BAC4C2DCC62380012429D /* SelfUI.framework in Embed Frameworks */,
			);
			name = "Embed Frameworks";
			runOnlyForDeploymentPostprocessing = 0;
		};
/* End PBXCopyFilesBuildPhase section */

/* Begin PBXFileReference section */
		634BAC222DCC53E90012429D /* Example.app */ = {isa = PBXFileReference; explicitFileType = wrapper.application; includeInIndex = 0; path = Example.app; sourceTree = BUILT_PRODUCTS_DIR; };
		634BAC392DCC61B80012429D /* SelfUI.xcodeproj */ = {isa = PBXFileReference; lastKnownFileType = "wrapper.pb-project"; name = SelfUI.xcodeproj; path = "../joinself-self-mobile-ios-ui/SelfUI/SelfUI.xcodeproj"; sourceTree = SOURCE_ROOT; };
/* End PBXFileReference section */

/* Begin PBXFileSystemSynchronizedRootGroup section */
		634BAC242DCC53E90012429D /* Example */ = {
			isa = PBXFileSystemSynchronizedRootGroup;
			path = Example;
			sourceTree = "<group>";
		};
/* End PBXFileSystemSynchronizedRootGroup section */

/* Begin PBXFrameworksBuildPhase section */
		634BAC1F2DCC53E90012429D /* Frameworks */ = {
			isa = PBXFrameworksBuildPhase;
			buildActionMask = 2147483647;
			files = (
				634BAC352DCC5A840012429D /* self_ios_sdk in Frameworks */,
				634BAC4B2DCC62380012429D /* SelfUI.framework in Frameworks */,
				634BAC382DCC5BD10012429D /* OpenSSL in Frameworks */,
			);
			runOnlyForDeploymentPostprocessing = 0;
		};
/* End PBXFrameworksBuildPhase section */

/* Begin PBXGroup section */
		634BAC192DCC53E90012429D = {
			isa = PBXGroup;
			children = (
				634BAC392DCC61B80012429D /* SelfUI.xcodeproj */,
				634BAC242DCC53E90012429D /* Example */,
				634BAC4A2DCC62380012429D /* Frameworks */,
				634BAC232DCC53E90012429D /* Products */,
			);
			sourceTree = "<group>";
		};
		634BAC232DCC53E90012429D /* Products */ = {
			isa = PBXGroup;
			children = (
				634BAC222DCC53E90012429D /* Example.app */,
			);
			name = Products;
			sourceTree = "<group>";
		};
		634BAC3C2DCC61B80012429D /* Products */ = {
			isa = PBXGroup;
			children = (
				634BAC432DCC61B80012429D /* SelfUI.framework */,
			);
			name = Products;
			sourceTree = "<group>";
		};
		634BAC4A2DCC62380012429D /* Frameworks */ = {
			isa = PBXGroup;
			children = (
			);
			name = Frameworks;
			sourceTree = "<group>";
		};
/* End PBXGroup section */

/* Begin PBXNativeTarget section */
		634BAC212DCC53E90012429D /* Example */ = {
			isa = PBXNativeTarget;
			buildConfigurationList = 634BAC302DCC53EB0012429D /* Build configuration list for PBXNativeTarget "Example" */;
			buildPhases = (
				634BAC1E2DCC53E90012429D /* Sources */,
				634BAC1F2DCC53E90012429D /* Frameworks */,
				634BAC202DCC53E90012429D /* Resources */,
				634BAC4D2DCC62380012429D /* Embed Frameworks */,
			);
			buildRules = (
			);
			dependencies = (
				634BAC4F2DCC62440012429D /* PBXTargetDependency */,
			);
			fileSystemSynchronizedGroups = (
				634BAC242DCC53E90012429D /* Example */,
			);
			name = Example;
			packageProductDependencies = (
				634BAC342DCC5A840012429D /* self_ios_sdk */,
				634BAC372DCC5BD10012429D /* OpenSSL */,
			);
			productName = Example;
			productReference = 634BAC222DCC53E90012429D /* Example.app */;
			productType = "com.apple.product-type.application";
		};
/* End PBXNativeTarget section */

/* Begin PBXProject section */
		634BAC1A2DCC53E90012429D /* Project object */ = {
			isa = PBXProject;
			attributes = {
				BuildIndependentTargetsInParallel = 1;
				LastSwiftUpdateCheck = 1620;
				LastUpgradeCheck = 1620;
				TargetAttributes = {
					634BAC212DCC53E90012429D = {
						CreatedOnToolsVersion = 16.2;
					};
				};
			};
			buildConfigurationList = 634BAC1D2DCC53E90012429D /* Build configuration list for PBXProject "Example" */;
			developmentRegion = en;
			hasScannedForEncodings = 0;
			knownRegions = (
				en,
				Base,
			);
			mainGroup = 634BAC192DCC53E90012429D;
			minimizedProjectReferenceProxies = 1;
			packageReferences = (
				634BAC332DCC5A840012429D /* XCRemoteSwiftPackageReference "self-embedded-ios" */,
				634BAC362DCC5BD10012429D /* XCRemoteSwiftPackageReference "OpenSSL" */,
			);
			preferredProjectObjectVersion = 77;
			productRefGroup = 634BAC232DCC53E90012429D /* Products */;
			projectDirPath = "";
			projectReferences = (
				{
					ProductGroup = 634BAC3C2DCC61B80012429D /* Products */;
					ProjectRef = 634BAC392DCC61B80012429D /* SelfUI.xcodeproj */;
				},
			);
			projectRoot = "";
			targets = (
				634BAC212DCC53E90012429D /* Example */,
			);
		};
/* End PBXProject section */

/* Begin PBXReferenceProxy section */
		634BAC432DCC61B80012429D /* SelfUI.framework */ = {
			isa = PBXReferenceProxy;
			fileType = wrapper.framework;
			path = SelfUI.framework;
			remoteRef = 634BAC422DCC61B80012429D /* PBXContainerItemProxy */;
			sourceTree = BUILT_PRODUCTS_DIR;
		};
/* End PBXReferenceProxy section */

/* Begin PBXResourcesBuildPhase section */
		634BAC202DCC53E90012429D /* Resources */ = {
			isa = PBXResourcesBuildPhase;
			buildActionMask = 2147483647;
			files = (
			);
			runOnlyForDeploymentPostprocessing = 0;
		};
/* End PBXResourcesBuildPhase section */

/* Begin PBXSourcesBuildPhase section */
		634BAC1E2DCC53E90012429D /* Sources */ = {
			isa = PBXSourcesBuildPhase;
			buildActionMask = 2147483647;
			files = (
			);
			runOnlyForDeploymentPostprocessing = 0;
		};
/* End PBXSourcesBuildPhase section */

/* Begin PBXTargetDependency section */
		634BAC4F2DCC62440012429D /* PBXTargetDependency */ = {
			isa = PBXTargetDependency;
			name = SelfUI;
			targetProxy = 634BAC4E2DCC62440012429D /* PBXContainerItemProxy */;
		};
/* End PBXTargetDependency section */

/* Begin XCBuildConfiguration section */
		634BAC2E2DCC53EB0012429D /* Debug */ = {
			isa = XCBuildConfiguration;
			buildSettings = {
				ALWAYS_SEARCH_USER_PATHS = NO;
				ASSETCATALOG_COMPILER_GENERATE_SWIFT_ASSET_SYMBOL_EXTENSIONS = YES;
				CLANG_ANALYZER_NONNULL = YES;
				CLANG_ANALYZER_NUMBER_OBJECT_CONVERSION = YES_AGGRESSIVE;
				CLANG_CXX_LANGUAGE_STANDARD = "gnu++20";
				CLANG_ENABLE_MODULES = YES;
				CLANG_ENABLE_OBJC_ARC = YES;
				CLANG_ENABLE_OBJC_WEAK = YES;
				CLANG_WARN_BLOCK_CAPTURE_AUTORELEASING = YES;
				CLANG_WARN_BOOL_CONVERSION = YES;
				CLANG_WARN_COMMA = YES;
				CLANG_WARN_CONSTANT_CONVERSION = YES;
				CLANG_WARN_DEPRECATED_OBJC_IMPLEMENTATIONS = YES;
				CLANG_WARN_DIRECT_OBJC_ISA_USAGE = YES_ERROR;
				CLANG_WARN_DOCUMENTATION_COMMENTS = YES;
				CLANG_WARN_EMPTY_BODY = YES;
				CLANG_WARN_ENUM_CONVERSION = YES;
				CLANG_WARN_INFINITE_RECURSION = YES;
				CLANG_WARN_INT_CONVERSION = YES;
				CLANG_WARN_NON_LITERAL_NULL_CONVERSION = YES;
				CLANG_WARN_OBJC_IMPLICIT_RETAIN_SELF = YES;
				CLANG_WARN_OBJC_LITERAL_CONVERSION = YES;
				CLANG_WARN_OBJC_ROOT_CLASS = YES_ERROR;
				CLANG_WARN_QUOTED_INCLUDE_IN_FRAMEWORK_HEADER = YES;
				CLANG_WARN_RANGE_LOOP_ANALYSIS = YES;
				CLANG_WARN_STRICT_PROTOTYPES = YES;
				CLANG_WARN_SUSPICIOUS_MOVE = YES;
				CLANG_WARN_UNGUARDED_AVAILABILITY = YES_AGGRESSIVE;
				CLANG_WARN_UNREACHABLE_CODE = YES;
				CLANG_WARN__DUPLICATE_METHOD_MATCH = YES;
				COPY_PHASE_STRIP = NO;
				DEBUG_INFORMATION_FORMAT = dwarf;
				ENABLE_STRICT_OBJC_MSGSEND = YES;
				ENABLE_TESTABILITY = YES;
				ENABLE_USER_SCRIPT_SANDBOXING = YES;
				GCC_C_LANGUAGE_STANDARD = gnu17;
				GCC_DYNAMIC_NO_PIC = NO;
				GCC_NO_COMMON_BLOCKS = YES;
				GCC_OPTIMIZATION_LEVEL = 0;
				GCC_PREPROCESSOR_DEFINITIONS = (
					"DEBUG=1",
					"$(inherited)",
				);
				GCC_WARN_64_TO_32_BIT_CONVERSION = YES;
				GCC_WARN_ABOUT_RETURN_TYPE = YES_ERROR;
				GCC_WARN_UNDECLARED_SELECTOR = YES;
				GCC_WARN_UNINITIALIZED_AUTOS = YES_AGGRESSIVE;
				GCC_WARN_UNUSED_FUNCTION = YES;
				GCC_WARN_UNUSED_VARIABLE = YES;
				IPHONEOS_DEPLOYMENT_TARGET = 18.2;
				LOCALIZATION_PREFERS_STRING_CATALOGS = YES;
				MTL_ENABLE_DEBUG_INFO = INCLUDE_SOURCE;
				MTL_FAST_MATH = YES;
				ONLY_ACTIVE_ARCH = YES;
				SDKROOT = iphoneos;
				SWIFT_ACTIVE_COMPILATION_CONDITIONS = "DEBUG $(inherited)";
				SWIFT_OPTIMIZATION_LEVEL = "-Onone";
			};
			name = Debug;
		};
		634BAC2F2DCC53EB0012429D /* Release */ = {
			isa = XCBuildConfiguration;
			buildSettings = {
				ALWAYS_SEARCH_USER_PATHS = NO;
				ASSETCATALOG_COMPILER_GENERATE_SWIFT_ASSET_SYMBOL_EXTENSIONS = YES;
				CLANG_ANALYZER_NONNULL = YES;
				CLANG_ANALYZER_NUMBER_OBJECT_CONVERSION = YES_AGGRESSIVE;
				CLANG_CXX_LANGUAGE_STANDARD = "gnu++20";
				CLANG_ENABLE_MODULES = YES;
				CLANG_ENABLE_OBJC_ARC = YES;
				CLANG_ENABLE_OBJC_WEAK = YES;
				CLANG_WARN_BLOCK_CAPTURE_AUTORELEASING = YES;
				CLANG_WARN_BOOL_CONVERSION = YES;
				CLANG_WARN_COMMA = YES;
				CLANG_WARN_CONSTANT_CONVERSION = YES;
				CLANG_WARN_DEPRECATED_OBJC_IMPLEMENTATIONS = YES;
				CLANG_WARN_DIRECT_OBJC_ISA_USAGE = YES_ERROR;
				CLANG_WARN_DOCUMENTATION_COMMENTS = YES;
				CLANG_WARN_EMPTY_BODY = YES;
				CLANG_WARN_ENUM_CONVERSION = YES;
				CLANG_WARN_INFINITE_RECURSION = YES;
				CLANG_WARN_INT_CONVERSION = YES;
				CLANG_WARN_NON_LITERAL_NULL_CONVERSION = YES;
				CLANG_WARN_OBJC_IMPLICIT_RETAIN_SELF = YES;
				CLANG_WARN_OBJC_LITERAL_CONVERSION = YES;
				CLANG_WARN_OBJC_ROOT_CLASS = YES_ERROR;
				CLANG_WARN_QUOTED_INCLUDE_IN_FRAMEWORK_HEADER = YES;
				CLANG_WARN_RANGE_LOOP_ANALYSIS = YES;
				CLANG_WARN_STRICT_PROTOTYPES = YES;
				CLANG_WARN_SUSPICIOUS_MOVE = YES;
				CLANG_WARN_UNGUARDED_AVAILABILITY = YES_AGGRESSIVE;
				CLANG_WARN_UNREACHABLE_CODE = YES;
				CLANG_WARN__DUPLICATE_METHOD_MATCH = YES;
				COPY_PHASE_STRIP = NO;
				DEBUG_INFORMATION_FORMAT = "dwarf-with-dsym";
				ENABLE_NS_ASSERTIONS = NO;
				ENABLE_STRICT_OBJC_MSGSEND = YES;
				ENABLE_USER_SCRIPT_SANDBOXING = YES;
				GCC_C_LANGUAGE_STANDARD = gnu17;
				GCC_NO_COMMON_BLOCKS = YES;
				GCC_WARN_64_TO_32_BIT_CONVERSION = YES;
				GCC_WARN_ABOUT_RETURN_TYPE = YES_ERROR;
				GCC_WARN_UNDECLARED_SELECTOR = YES;
				GCC_WARN_UNINITIALIZED_AUTOS = YES_AGGRESSIVE;
				GCC_WARN_UNUSED_FUNCTION = YES;
				GCC_WARN_UNUSED_VARIABLE = YES;
				IPHONEOS_DEPLOYMENT_TARGET = 18.2;
				LOCALIZATION_PREFERS_STRING_CATALOGS = YES;
				MTL_ENABLE_DEBUG_INFO = NO;
				MTL_FAST_MATH = YES;
				SDKROOT = iphoneos;
				SWIFT_COMPILATION_MODE = wholemodule;
				VALIDATE_PRODUCT = YES;
			};
			name = Release;
		};
		634BAC312DCC53EB0012429D /* Debug */ = {
			isa = XCBuildConfiguration;
			buildSettings = {
				ASSETCATALOG_COMPILER_APPICON_NAME = AppIcon;
				ASSETCATALOG_COMPILER_GLOBAL_ACCENT_COLOR_NAME = AccentColor;
				CODE_SIGN_STYLE = Automatic;
				CURRENT_PROJECT_VERSION = 1;
				DEVELOPMENT_ASSET_PATHS = "\"Example/Preview Content\"";
				DEVELOPMENT_TEAM = B233VZ3W3Z;
				ENABLE_PREVIEWS = YES;
				GENERATE_INFOPLIST_FILE = YES;
				INFOPLIST_KEY_NSCameraUsageDescription = "Turning on the camera allows us to ensure it's only you using Example";
				INFOPLIST_KEY_UIApplicationSceneManifest_Generation = YES;
				INFOPLIST_KEY_UIApplicationSupportsIndirectInputEvents = YES;
				INFOPLIST_KEY_UILaunchScreen_Generation = YES;
				INFOPLIST_KEY_UISupportedInterfaceOrientations_iPad = "UIInterfaceOrientationPortrait UIInterfaceOrientationPortraitUpsideDown UIInterfaceOrientationLandscapeLeft UIInterfaceOrientationLandscapeRight";
				INFOPLIST_KEY_UISupportedInterfaceOrientations_iPhone = "UIInterfaceOrientationPortrait UIInterfaceOrientationLandscapeLeft UIInterfaceOrientationLandscapeRight";
				IPHONEOS_DEPLOYMENT_TARGET = 16;
				LD_RUNPATH_SEARCH_PATHS = (
					"$(inherited)",
					"@executable_path/Frameworks",
				);
				MARKETING_VERSION = 1.0;
				PRODUCT_BUNDLE_IDENTIFIER = com.joinself.mobile.example;
				PRODUCT_NAME = "$(TARGET_NAME)";
				SWIFT_EMIT_LOC_STRINGS = YES;
				SWIFT_VERSION = 5.0;
				TARGETED_DEVICE_FAMILY = "1,2";
			};
			name = Debug;
		};
		634BAC322DCC53EB0012429D /* Release */ = {
			isa = XCBuildConfiguration;
			buildSettings = {
				ASSETCATALOG_COMPILER_APPICON_NAME = AppIcon;
				ASSETCATALOG_COMPILER_GLOBAL_ACCENT_COLOR_NAME = AccentColor;
				CODE_SIGN_STYLE = Automatic;
				CURRENT_PROJECT_VERSION = 1;
				DEVELOPMENT_ASSET_PATHS = "\"Example/Preview Content\"";
				DEVELOPMENT_TEAM = B233VZ3W3Z;
				ENABLE_PREVIEWS = YES;
				GENERATE_INFOPLIST_FILE = YES;
				INFOPLIST_KEY_NSCameraUsageDescription = "Turning on the camera allows us to ensure it's only you using Example";
				INFOPLIST_KEY_UIApplicationSceneManifest_Generation = YES;
				INFOPLIST_KEY_UIApplicationSupportsIndirectInputEvents = YES;
				INFOPLIST_KEY_UILaunchScreen_Generation = YES;
				INFOPLIST_KEY_UISupportedInterfaceOrientations_iPad = "UIInterfaceOrientationPortrait UIInterfaceOrientationPortraitUpsideDown UIInterfaceOrientationLandscapeLeft UIInterfaceOrientationLandscapeRight";
				INFOPLIST_KEY_UISupportedInterfaceOrientations_iPhone = "UIInterfaceOrientationPortrait UIInterfaceOrientationLandscapeLeft UIInterfaceOrientationLandscapeRight";
				IPHONEOS_DEPLOYMENT_TARGET = 16;
				LD_RUNPATH_SEARCH_PATHS = (
					"$(inherited)",
					"@executable_path/Frameworks",
				);
				MARKETING_VERSION = 1.0;
				PRODUCT_BUNDLE_IDENTIFIER = com.joinself.mobile.example;
				PRODUCT_NAME = "$(TARGET_NAME)";
				SWIFT_EMIT_LOC_STRINGS = YES;
				SWIFT_VERSION = 5.0;
				TARGETED_DEVICE_FAMILY = "1,2";
			};
			name = Release;
		};
/* End XCBuildConfiguration section */

/* Begin XCConfigurationList section */
		634BAC1D2DCC53E90012429D /* Build configuration list for PBXProject "Example" */ = {
			isa = XCConfigurationList;
			buildConfigurations = (
				634BAC2E2DCC53EB0012429D /* Debug */,
				634BAC2F2DCC53EB0012429D /* Release */,
			);
			defaultConfigurationIsVisible = 0;
			defaultConfigurationName = Release;
		};
		634BAC302DCC53EB0012429D /* Build configuration list for PBXNativeTarget "Example" */ = {
			isa = XCConfigurationList;
			buildConfigurations = (
				634BAC312DCC53EB0012429D /* Debug */,
				634BAC322DCC53EB0012429D /* Release */,
			);
			defaultConfigurationIsVisible = 0;
			defaultConfigurationName = Release;
		};
/* End XCConfigurationList section */

/* Begin XCRemoteSwiftPackageReference section */
		634BAC332DCC5A840012429D /* XCRemoteSwiftPackageReference "self-embedded-ios" */ = {
			isa = XCRemoteSwiftPackageReference;
			repositoryURL = "https://github.com/joinself/self-embedded-ios.git";
			requirement = {
				kind = upToNextMajorVersion;
				minimumVersion = 0.107.0;
			};
		};
		634BAC362DCC5BD10012429D /* XCRemoteSwiftPackageReference "OpenSSL" */ = {
			isa = XCRemoteSwiftPackageReference;
			repositoryURL = "https://github.com/krzyzanowskim/OpenSSL.git";
			requirement = {
				kind = upToNextMinorVersion;
				minimumVersion = 1.1.1900;
			};
		};
/* End XCRemoteSwiftPackageReference section */

/* Begin XCSwiftPackageProductDependency section */
		634BAC342DCC5A840012429D /* self_ios_sdk */ = {
			isa = XCSwiftPackageProductDependency;
			package = 634BAC332DCC5A840012429D /* XCRemoteSwiftPackageReference "self-embedded-ios" */;
			productName = self_ios_sdk;
		};
		634BAC372DCC5BD10012429D /* OpenSSL */ = {
			isa = XCSwiftPackageProductDependency;
			package = 634BAC362DCC5BD10012429D /* XCRemoteSwiftPackageReference "OpenSSL" */;
			productName = OpenSSL;
		};
/* End XCSwiftPackageProductDependency section */
	};
	rootObject = 634BAC1A2DCC53E90012429D /* Project object */;
}
